
Microsoft Visual Studio Solution File, Format Version 12.00
# Visual Studio Version 16
VisualStudioVersion = 16.0.29102.190
MinimumVisualStudioVersion = 10.0.40219.1
Project("{FAE04EC0-301F-11D3-BF4B-00C04F79EFBC}") = "Assignment", "Assignment\Assignment.csproj", "{34606C00-C2BF-4A77-8978-30997C4BCF07}"
EndProject
Global
	GlobalSection(SolutionConfigurationPlatforms) = preSolution
		Debug|Any CPU = Debug|Any CPU
		Release|Any CPU = Release|Any CPU
	EndGlobalSection
	GlobalSection(ProjectConfigurationPlatforms) = postSolution
		{34606C00-C2BF-4A77-8978-30997C4BCF07}.Debug|Any CPU.ActiveCfg = Debug|Any CPU
		{34606C00-C2BF-4A77-8978-30997C4BCF07}.Debug|Any CPU.Build.0 = Debug|Any CPU
		{34606C00-C2BF-4A77-8978-30997C4BCF07}.Release|Any CPU.ActiveCfg = Release|Any CPU
		{34606C00-C2BF-4A77-8978-30997C4BCF07}.Release|Any CPU.Build.0 = Release|Any CPU
	EndGlobalSection
	GlobalSection(SolutionProperties) = preSolution
		HideSolutionNode = FALSE
	EndGlobalSection
	GlobalSection(ExtensibilityGlobals) = postSolution
		SolutionGuid = {1C48FE06-8C38-420B-A91F-F0473F9B9D58}
	EndGlobalSection
EndGlobal
